// !$*UTF8*$!
{
	archiveVersion = 1;
	classes = {
	};
	objectVersion = 50;
	objects = {

/* Begin PBXBuildFile section */
		879EA59D2075CCEC002D12D2 /* AppDelegate.swift in Sources */ = {isa = PBXBuildFile; fileRef = 879EA59C2075CCEC002D12D2 /* AppDelegate.swift */; };
		879EA59F2075CCEC002D12D2 /* ViewController.swift in Sources */ = {isa = PBXBuildFile; fileRef = 879EA59E2075CCEC002D12D2 /* ViewController.swift */; };
		879EA5A22075CCEC002D12D2 /* Main.storyboard in Resources */ = {isa = PBXBuildFile; fileRef = 879EA5A02075CCEC002D12D2 /* Main.storyboard */; };
		879EA5A42075CCEE002D12D2 /* Assets.xcassets in Resources */ = {isa = PBXBuildFile; fileRef = 879EA5A32075CCEE002D12D2 /* Assets.xcassets */; };
		879EA5A72075CCEE002D12D2 /* LaunchScreen.storyboard in Resources */ = {isa = PBXBuildFile; fileRef = 879EA5A52075CCEE002D12D2 /* LaunchScreen.storyboard */; };
		879EA5B22075CCEE002D12D2 /* ClickMeTests.swift in Sources */ = {isa = PBXBuildFile; fileRef = 879EA5B12075CCEE002D12D2 /* ClickMeTests.swift */; };
		879EA5BD2075CCEE002D12D2 /* ClickMeUITests.swift in Sources */ = {isa = PBXBuildFile; fileRef = 879EA5BC2075CCEE002D12D2 /* ClickMeUITests.swift */; };
/* End PBXBuildFile section */

/* Begin PBXContainerItemProxy section */
		879EA5AE2075CCEE002D12D2 /* PBXContainerItemProxy */ = {
			isa = PBXContainerItemProxy;
			containerPortal = 879EA5912075CCEC002D12D2 /* Project object */;
			proxyType = 1;
			remoteGlobalIDString = 879EA5982075CCEC002D12D2;
			remoteInfo = ClickMe;
		};
		879EA5B92075CCEE002D12D2 /* PBXContainerItemProxy */ = {
			isa = PBXContainerItemProxy;
			containerPortal = 879EA5912075CCEC002D12D2 /* Project object */;
			proxyType = 1;
			remoteGlobalIDString = 879EA5982075CCEC002D12D2;
			remoteInfo = ClickMe;
		};
/* End PBXContainerItemProxy section */

/* Begin PBXFileReference section */
		879EA5992075CCEC002D12D2 /* ClickMe.app */ = {isa = PBXFileReference; explicitFileType = wrapper.application; includeInIndex = 0; path = ClickMe.app; sourceTree = BUILT_PRODUCTS_DIR; };
		879EA59C2075CCEC002D12D2 /* AppDelegate.swift */ = {isa = PBXFileReference; lastKnownFileType = sourcecode.swift; path = AppDelegate.swift; sourceTree = "<group>"; };
		879EA59E2075CCEC002D12D2 /* ViewController.swift */ = {isa = PBXFileReference; lastKnownFileType = sourcecode.swift; path = ViewController.swift; sourceTree = "<group>"; };
		879EA5A12075CCEC002D12D2 /* Base */ = {isa = PBXFileReference; lastKnownFileType = file.storyboard; name = Base; path = Base.lproj/Main.storyboard; sourceTree = "<group>"; };
		879EA5A32075CCEE002D12D2 /* Assets.xcassets */ = {isa = PBXFileReference; lastKnownFileType = folder.assetcatalog; path = Assets.xcassets; sourceTree = "<group>"; };
		879EA5A62075CCEE002D12D2 /* Base */ = {isa = PBXFileReference; lastKnownFileType = file.storyboard; name = Base; path = Base.lproj/LaunchScreen.storyboard; sourceTree = "<group>"; };
		879EA5A82075CCEE002D12D2 /* Info.plist */ = {isa = PBXFileReference; lastKnownFileType = text.plist.xml; path = Info.plist; sourceTree = "<group>"; };
		879EA5AD2075CCEE002D12D2 /* ClickMeTests.xctest */ = {isa = PBXFileReference; explicitFileType = wrapper.cfbundle; includeInIndex = 0; path = ClickMeTests.xctest; sourceTree = BUILT_PRODUCTS_DIR; };
		879EA5B12075CCEE002D12D2 /* ClickMeTests.swift */ = {isa = PBXFileReference; lastKnownFileType = sourcecode.swift; path = ClickMeTests.swift; sourceTree = "<group>"; };
		879EA5B32075CCEE002D12D2 /* Info.plist */ = {isa = PBXFileReference; lastKnownFileType = text.plist.xml; path = Info.plist; sourceTree = "<group>"; };
		879EA5B82075CCEE002D12D2 /* ClickMeUITests.xctest */ = {isa = PBXFileReference; explicitFileType = wrapper.cfbundle; includeInIndex = 0; path = ClickMeUITests.xctest; sourceTree = BUILT_PRODUCTS_DIR; };
		879EA5BC2075CCEE002D12D2 /* ClickMeUITests.swift */ = {isa = PBXFileReference; lastKnownFileType = sourcecode.swift; path = ClickMeUITests.swift; sourceTree = "<group>"; };
		879EA5BE2075CCEE002D12D2 /* Info.plist */ = {isa = PBXFileReference; lastKnownFileType = text.plist.xml; path = Info.plist; sourceTree = "<group>"; };
/* End PBXFileReference section */

/* Begin PBXFrameworksBuildPhase section */
		879EA5962075CCEC002D12D2 /* Frameworks */ = {
			isa = PBXFrameworksBuildPhase;
			buildActionMask = 2147483647;
			files = (
			);
			runOnlyForDeploymentPostprocessing = 0;
		};
		879EA5AA2075CCEE002D12D2 /* Frameworks */ = {
			isa = PBXFrameworksBuildPhase;
			buildActionMask = 2147483647;
			files = (
			);
			runOnlyForDeploymentPostprocessing = 0;
		};
		879EA5B52075CCEE002D12D2 /* Frameworks */ = {
			isa = PBXFrameworksBuildPhase;
			buildActionMask = 2147483647;
			files = (
			);
			runOnlyForDeploymentPostprocessing = 0;
		};
/* End PBXFrameworksBuildPhase section */

/* Begin PBXGroup section */
		879EA5902075CCEC002D12D2 = {
			isa = PBXGroup;
			children = (
				879EA59B2075CCEC002D12D2 /* ClickMe */,
				879EA5B02075CCEE002D12D2 /* ClickMeTests */,
				879EA5BB2075CCEE002D12D2 /* ClickMeUITests */,
				879EA59A2075CCEC002D12D2 /* Products */,
			);
			sourceTree = "<group>";
		};
		879EA59A2075CCEC002D12D2 /* Products */ = {
			isa = PBXGroup;
			children = (
				879EA5992075CCEC002D12D2 /* ClickMe.app */,
				879EA5AD2075CCEE002D12D2 /* ClickMeTests.xctest */,
				879EA5B82075CCEE002D12D2 /* ClickMeUITests.xctest */,
			);
			name = Products;
			sourceTree = "<group>";
		};
		879EA59B2075CCEC002D12D2 /* ClickMe */ = {
			isa = PBXGroup;
			children = (
				879EA59C2075CCEC002D12D2 /* AppDelegate.swift */,
				879EA59E2075CCEC002D12D2 /* ViewController.swift */,
				879EA5A02075CCEC002D12D2 /* Main.storyboard */,
				879EA5A32075CCEE002D12D2 /* Assets.xcassets */,
				879EA5A52075CCEE002D12D2 /* LaunchScreen.storyboard */,
				879EA5A82075CCEE002D12D2 /* Info.plist */,
			);
			path = ClickMe;
			sourceTree = "<group>";
		};
		879EA5B02075CCEE002D12D2 /* ClickMeTests */ = {
			isa = PBXGroup;
			children = (
				879EA5B12075CCEE002D12D2 /* ClickMeTests.swift */,
				879EA5B32075CCEE002D12D2 /* Info.plist */,
			);
			path = ClickMeTests;
			sourceTree = "<group>";
		};
		879EA5BB2075CCEE002D12D2 /* ClickMeUITests */ = {
			isa = PBXGroup;
			children = (
				879EA5BC2075CCEE002D12D2 /* ClickMeUITests.swift */,
				879EA5BE2075CCEE002D12D2 /* Info.plist */,
			);
			path = ClickMeUITests;
			sourceTree = "<group>";
		};
/* End PBXGroup section */

/* Begin PBXNativeTarget section */
		879EA5982075CCEC002D12D2 /* ClickMe */ = {
			isa = PBXNativeTarget;
			buildConfigurationList = 879EA5C12075CCEE002D12D2 /* Build configuration list for PBXNativeTarget "ClickMe" */;
			buildPhases = (
				879EA5952075CCEC002D12D2 /* Sources */,
				879EA5962075CCEC002D12D2 /* Frameworks */,
				879EA5972075CCEC002D12D2 /* Resources */,
			);
			buildRules = (
			);
			dependencies = (
			);
			name = ClickMe;
			productName = ClickMe;
			productReference = 879EA5992075CCEC002D12D2 /* ClickMe.app */;
			productType = "com.apple.product-type.application";
		};
		879EA5AC2075CCEE002D12D2 /* ClickMeTests */ = {
			isa = PBXNativeTarget;
			buildConfigurationList = 879EA5C42075CCEE002D12D2 /* Build configuration list for PBXNativeTarget "ClickMeTests" */;
			buildPhases = (
				879EA5A92075CCEE002D12D2 /* Sources */,
				879EA5AA2075CCEE002D12D2 /* Frameworks */,
				879EA5AB2075CCEE002D12D2 /* Resources */,
			);
			buildRules = (
			);
			dependencies = (
				879EA5AF2075CCEE002D12D2 /* PBXTargetDependency */,
			);
			name = ClickMeTests;
			productName = ClickMeTests;
			productReference = 879EA5AD2075CCEE002D12D2 /* ClickMeTests.xctest */;
			productType = "com.apple.product-type.bundle.unit-test";
		};
		879EA5B72075CCEE002D12D2 /* ClickMeUITests */ = {
			isa = PBXNativeTarget;
			buildConfigurationList = 879EA5C72075CCEE002D12D2 /* Build configuration list for PBXNativeTarget "ClickMeUITests" */;
			buildPhases = (
				879EA5B42075CCEE002D12D2 /* Sources */,
				879EA5B52075CCEE002D12D2 /* Frameworks */,
				879EA5B62075CCEE002D12D2 /* Resources */,
			);
			buildRules = (
			);
			dependencies = (
				879EA5BA2075CCEE002D12D2 /* PBXTargetDependency */,
			);
			name = ClickMeUITests;
			productName = ClickMeUITests;
			productReference = 879EA5B82075CCEE002D12D2 /* ClickMeUITests.xctest */;
			productType = "com.apple.product-type.bundle.ui-testing";
		};
/* End PBXNativeTarget section */

/* Begin PBXProject section */
		879EA5912075CCEC002D12D2 /* Project object */ = {
			isa = PBXProject;
			attributes = {
				LastSwiftUpdateCheck = 0930;
				LastUpgradeCheck = 0930;
				ORGANIZATIONNAME = yossatron;
				TargetAttributes = {
					879EA5982075CCEC002D12D2 = {
						CreatedOnToolsVersion = 9.3;
					};
					879EA5AC2075CCEE002D12D2 = {
						CreatedOnToolsVersion = 9.3;
						TestTargetID = 879EA5982075CCEC002D12D2;
					};
					879EA5B72075CCEE002D12D2 = {
						CreatedOnToolsVersion = 9.3;
						TestTargetID = 879EA5982075CCEC002D12D2;
					};
				};
			};
			buildConfigurationList = 879EA5942075CCEC002D12D2 /* Build configuration list for PBXProject "ClickMe" */;
			compatibilityVersion = "Xcode 9.3";
			developmentRegion = en;
			hasScannedForEncodings = 0;
			knownRegions = (
				en,
				Base,
			);
			mainGroup = 879EA5902075CCEC002D12D2;
			productRefGroup = 879EA59A2075CCEC002D12D2 /* Products */;
			projectDirPath = "";
			projectRoot = "";
			targets = (
				879EA5982075CCEC002D12D2 /* ClickMe */,
				879EA5AC2075CCEE002D12D2 /* ClickMeTests */,
				879EA5B72075CCEE002D12D2 /* ClickMeUITests */,
			);
		};
/* End PBXProject section */

/* Begin PBXResourcesBuildPhase section */
		879EA5972075CCEC002D12D2 /* Resources */ = {
			isa = PBXResourcesBuildPhase;
			buildActionMask = 2147483647;
			files = (
				879EA5A72075CCEE002D12D2 /* LaunchScreen.storyboard in Resources */,
				879EA5A42075CCEE002D12D2 /* Assets.xcassets in Resources */,
				879EA5A22075CCEC002D12D2 /* Main.storyboard in Resources */,
			);
			runOnlyForDeploymentPostprocessing = 0;
		};
		879EA5AB2075CCEE002D12D2 /* Resources */ = {
			isa = PBXResourcesBuildPhase;
			buildActionMask = 2147483647;
			files = (
			);
			runOnlyForDeploymentPostprocessing = 0;
		};
		879EA5B62075CCEE002D12D2 /* Resources */ = {
			isa = PBXResourcesBuildPhase;
			buildActionMask = 2147483647;
			files = (
			);
			runOnlyForDeploymentPostprocessing = 0;
		};
/* End PBXResourcesBuildPhase section */

/* Begin PBXSourcesBuildPhase section */
		879EA5952075CCEC002D12D2 /* Sources */ = {
			isa = PBXSourcesBuildPhase;
			buildActionMask = 2147483647;
			files = (
				879EA59F2075CCEC002D12D2 /* ViewController.swift in Sources */,
				879EA59D2075CCEC002D12D2 /* AppDelegate.swift in Sources */,
			);
			runOnlyForDeploymentPostprocessing = 0;
		};
		879EA5A92075CCEE002D12D2 /* Sources */ = {
			isa = PBXSourcesBuildPhase;
			buildActionMask = 2147483647;
			files = (
				879EA5B22075CCEE002D12D2 /* ClickMeTests.swift in Sources */,
			);
			runOnlyForDeploymentPostprocessing = 0;
		};
		879EA5B42075CCEE002D12D2 /* Sources */ = {
			isa = PBXSourcesBuildPhase;
			buildActionMask = 2147483647;
			files = (
				879EA5BD2075CCEE002D12D2 /* ClickMeUITests.swift in Sources */,
			);
			runOnlyForDeploymentPostprocessing = 0;
		};
/* End PBXSourcesBuildPhase section */

/* Begin PBXTargetDependency section */
		879EA5AF2075CCEE002D12D2 /* PBXTargetDependency */ = {
			isa = PBXTargetDependency;
			target = 879EA5982075CCEC002D12D2 /* ClickMe */;
			targetProxy = 879EA5AE2075CCEE002D12D2 /* PBXContainerItemProxy */;
		};
		879EA5BA2075CCEE002D12D2 /* PBXTargetDependency */ = {
			isa = PBXTargetDependency;
			target = 879EA5982075CCEC002D12D2 /* ClickMe */;
			targetProxy = 879EA5B92075CCEE002D12D2 /* PBXContainerItemProxy */;
		};
/* End PBXTargetDependency section */

/* Begin PBXVariantGroup section */
		879EA5A02075CCEC002D12D2 /* Main.storyboard */ = {
			isa = PBXVariantGroup;
			children = (
				879EA5A12075CCEC002D12D2 /* Base */,
			);
			name = Main.storyboard;
			sourceTree = "<group>";
		};
		879EA5A52075CCEE002D12D2 /* LaunchScreen.storyboard */ = {
			isa = PBXVariantGroup;
			children = (
				879EA5A62075CCEE002D12D2 /* Base */,
			);
			name = LaunchScreen.storyboard;
			sourceTree = "<group>";
		};
/* End PBXVariantGroup section */

/* Begin XCBuildConfiguration section */
		879EA5BF2075CCEE002D12D2 /* Debug */ = {
			isa = XCBuildConfiguration;
			buildSettings = {
				ALWAYS_SEARCH_USER_PATHS = NO;
				CLANG_ANALYZER_NONNULL = YES;
				CLANG_ANALYZER_NUMBER_OBJECT_CONVERSION = YES_AGGRESSIVE;
				CLANG_CXX_LANGUAGE_STANDARD = "gnu++14";
				CLANG_CXX_LIBRARY = "libc++";
				CLANG_ENABLE_MODULES = YES;
				CLANG_ENABLE_OBJC_ARC = YES;
				CLANG_ENABLE_OBJC_WEAK = YES;
				CLANG_WARN_BLOCK_CAPTURE_AUTORELEASING = YES;
				CLANG_WARN_BOOL_CONVERSION = YES;
				CLANG_WARN_COMMA = YES;
				CLANG_WARN_CONSTANT_CONVERSION = YES;
				CLANG_WARN_DEPRECATED_OBJC_IMPLEMENTATIONS = YES;
				CLANG_WARN_DIRECT_OBJC_ISA_USAGE = YES_ERROR;
				CLANG_WARN_DOCUMENTATION_COMMENTS = YES;
				CLANG_WARN_EMPTY_BODY = YES;
				CLANG_WARN_ENUM_CONVERSION = YES;
				CLANG_WARN_INFINITE_RECURSION = YES;
				CLANG_WARN_INT_CONVERSION = YES;
				CLANG_WARN_NON_LITERAL_NULL_CONVERSION = YES;
				CLANG_WARN_OBJC_IMPLICIT_RETAIN_SELF = YES;
				CLANG_WARN_OBJC_LITERAL_CONVERSION = YES;
				CLANG_WARN_OBJC_ROOT_CLASS = YES_ERROR;
				CLANG_WARN_RANGE_LOOP_ANALYSIS = YES;
				CLANG_WARN_STRICT_PROTOTYPES = YES;
				CLANG_WARN_SUSPICIOUS_MOVE = YES;
				CLANG_WARN_UNGUARDED_AVAILABILITY = YES_AGGRESSIVE;
				CLANG_WARN_UNREACHABLE_CODE = YES;
				CLANG_WARN__DUPLICATE_METHOD_MATCH = YES;
				CODE_SIGN_IDENTITY = "iPhone Developer";
				COPY_PHASE_STRIP = NO;
				DEBUG_INFORMATION_FORMAT = dwarf;
				ENABLE_STRICT_OBJC_MSGSEND = YES;
				ENABLE_TESTABILITY = YES;
				GCC_C_LANGUAGE_STANDARD = gnu11;
				GCC_DYNAMIC_NO_PIC = NO;
				GCC_NO_COMMON_BLOCKS = YES;
				GCC_OPTIMIZATION_LEVEL = 0;
				GCC_PREPROCESSOR_DEFINITIONS = (
					"DEBUG=1",
					"$(inherited)",
				);
				GCC_WARN_64_TO_32_BIT_CONVERSION = YES;
				GCC_WARN_ABOUT_RETURN_TYPE = YES_ERROR;
				GCC_WARN_UNDECLARED_SELECTOR = YES;
				GCC_WARN_UNINITIALIZED_AUTOS = YES_AGGRESSIVE;
				GCC_WARN_UNUSED_FUNCTION = YES;
				GCC_WARN_UNUSED_VARIABLE = YES;
				IPHONEOS_DEPLOYMENT_TARGET = 11.0;
				MTL_ENABLE_DEBUG_INFO = YES;
				ONLY_ACTIVE_ARCH = YES;
				SDKROOT = iphoneos11.3;
				SWIFT_ACTIVE_COMPILATION_CONDITIONS = DEBUG;
				SWIFT_OPTIMIZATION_LEVEL = "-Onone";
			};
			name = Debug;
		};
		879EA5C02075CCEE002D12D2 /* Release */ = {
			isa = XCBuildConfiguration;
			buildSettings = {
				ALWAYS_SEARCH_USER_PATHS = NO;
				CLANG_ANALYZER_NONNULL = YES;
				CLANG_ANALYZER_NUMBER_OBJECT_CONVERSION = YES_AGGRESSIVE;
				CLANG_CXX_LANGUAGE_STANDARD = "gnu++14";
				CLANG_CXX_LIBRARY = "libc++";
				CLANG_ENABLE_MODULES = YES;
				CLANG_ENABLE_OBJC_ARC = YES;
				CLANG_ENABLE_OBJC_WEAK = YES;
				CLANG_WARN_BLOCK_CAPTURE_AUTORELEASING = YES;
				CLANG_WARN_BOOL_CONVERSION = YES;
				CLANG_WARN_COMMA = YES;
				CLANG_WARN_CONSTANT_CONVERSION = YES;
				CLANG_WARN_DEPRECATED_OBJC_IMPLEMENTATIONS = YES;
				CLANG_WARN_DIRECT_OBJC_ISA_USAGE = YES_ERROR;
				CLANG_WARN_DOCUMENTATION_COMMENTS = YES;
				CLANG_WARN_EMPTY_BODY = YES;
				CLANG_WARN_ENUM_CONVERSION = YES;
				CLANG_WARN_INFINITE_RECURSION = YES;
				CLANG_WARN_INT_CONVERSION = YES;
				CLANG_WARN_NON_LITERAL_NULL_CONVERSION = YES;
				CLANG_WARN_OBJC_IMPLICIT_RETAIN_SELF = YES;
				CLANG_WARN_OBJC_LITERAL_CONVERSION = YES;
				CLANG_WARN_OBJC_ROOT_CLASS = YES_ERROR;
				CLANG_WARN_RANGE_LOOP_ANALYSIS = YES;
				CLANG_WARN_STRICT_PROTOTYPES = YES;
				CLANG_WARN_SUSPICIOUS_MOVE = YES;
				CLANG_WARN_UNGUARDED_AVAILABILITY = YES_AGGRESSIVE;
				CLANG_WARN_UNREACHABLE_CODE = YES;
				CLANG_WARN__DUPLICATE_METHOD_MATCH = YES;
				CODE_SIGN_IDENTITY = "iPhone Developer";
				COPY_PHASE_STRIP = NO;
				DEBUG_INFORMATION_FORMAT = "dwarf-with-dsym";
				ENABLE_NS_ASSERTIONS = NO;
				ENABLE_STRICT_OBJC_MSGSEND = YES;
				GCC_C_LANGUAGE_STANDARD = gnu11;
				GCC_NO_COMMON_BLOCKS = YES;
				GCC_WARN_64_TO_32_BIT_CONVERSION = YES;
				GCC_WARN_ABOUT_RETURN_TYPE = YES_ERROR;
				GCC_WARN_UNDECLARED_SELECTOR = YES;
				GCC_WARN_UNINITIALIZED_AUTOS = YES_AGGRESSIVE;
				GCC_WARN_UNUSED_FUNCTION = YES;
				GCC_WARN_UNUSED_VARIABLE = YES;
				IPHONEOS_DEPLOYMENT_TARGET = 11.0;
				MTL_ENABLE_DEBUG_INFO = NO;
				SDKROOT = iphoneos11.3;
				SWIFT_COMPILATION_MODE = wholemodule;
				SWIFT_OPTIMIZATION_LEVEL = "-O";
				VALIDATE_PRODUCT = YES;
			};
			name = Release;
		};
		879EA5C22075CCEE002D12D2 /* Debug */ = {
			isa = XCBuildConfiguration;
			buildSettings = {
				ASSETCATALOG_COMPILER_APPICON_NAME = AppIcon;
				CODE_SIGN_IDENTITY = "iPhone Developer";
				CODE_SIGN_STYLE = Automatic;
				DEVELOPMENT_TEAM = "";
				INFOPLIST_FILE = ClickMe/Info.plist;
				IPHONEOS_DEPLOYMENT_TARGET = 11.3;
				LD_RUNPATH_SEARCH_PATHS = (
					"$(inherited)",
					"@executable_path/Frameworks",
				);
				ONLY_ACTIVE_ARCH = NO;
				PRODUCT_BUNDLE_IDENTIFIER = com.example.ClickMe;
				PRODUCT_NAME = "$(TARGET_NAME)";
				PROVISIONING_PROFILE_SPECIFIER = "";
				SDKROOT = iphoneos11.3;
				STRIP_INSTALLED_PRODUCT = NO;
				SWIFT_VERSION = 4.0;
				TARGETED_DEVICE_FAMILY = 1;
			};
			name = Debug;
		};
		879EA5C32075CCEE002D12D2 /* Release */ = {
			isa = XCBuildConfiguration;
			buildSettings = {
				ASSETCATALOG_COMPILER_APPICON_NAME = AppIcon;
				CODE_SIGN_IDENTITY = "iPhone Developer";
				CODE_SIGN_STYLE = Automatic;
				DEVELOPMENT_TEAM = "";
				INFOPLIST_FILE = ClickMe/Info.plist;
				IPHONEOS_DEPLOYMENT_TARGET = 11.3;
				LD_RUNPATH_SEARCH_PATHS = (
					"$(inherited)",
					"@executable_path/Frameworks",
				);
				ONLY_ACTIVE_ARCH = NO;
				PRODUCT_BUNDLE_IDENTIFIER = com.example.ClickMe;
				PRODUCT_NAME = "$(TARGET_NAME)";
				PROVISIONING_PROFILE_SPECIFIER = "";
				SDKROOT = iphoneos11.3;
				STRIP_INSTALLED_PRODUCT = NO;
				SWIFT_VERSION = 4.0;
				TARGETED_DEVICE_FAMILY = 1;
			};
			name = Release;
		};
		879EA5C52075CCEE002D12D2 /* Debug */ = {
			isa = XCBuildConfiguration;
			buildSettings = {
				ALWAYS_EMBED_SWIFT_STANDARD_LIBRARIES = YES;
				BUNDLE_LOADER = "$(TEST_HOST)";
				CODE_SIGN_STYLE = Automatic;
				INFOPLIST_FILE = ClickMeTests/Info.plist;
				LD_RUNPATH_SEARCH_PATHS = (
					"$(inherited)",
					"@executable_path/Frameworks",
					"@loader_path/Frameworks",
				);
				PRODUCT_BUNDLE_IDENTIFIER = com.example.ClickMeTests;
				PRODUCT_NAME = "$(TARGET_NAME)";
				SWIFT_VERSION = 4.0;
				TARGETED_DEVICE_FAMILY = "1,2";
				TEST_HOST = "$(BUILT_PRODUCTS_DIR)/ClickMe.app/ClickMe";
			};
			name = Debug;
		};
		879EA5C62075CCEE002D12D2 /* Release */ = {
			isa = XCBuildConfiguration;
			buildSettings = {
				ALWAYS_EMBED_SWIFT_STANDARD_LIBRARIES = YES;
				BUNDLE_LOADER = "$(TEST_HOST)";
				CODE_SIGN_STYLE = Automatic;
				INFOPLIST_FILE = ClickMeTests/Info.plist;
				LD_RUNPATH_SEARCH_PATHS = (
					"$(inherited)",
					"@executable_path/Frameworks",
					"@loader_path/Frameworks",
				);
				PRODUCT_BUNDLE_IDENTIFIER = com.example.ClickMeTests;
				PRODUCT_NAME = "$(TARGET_NAME)";
				SWIFT_VERSION = 4.0;
				TARGETED_DEVICE_FAMILY = "1,2";
				TEST_HOST = "$(BUILT_PRODUCTS_DIR)/ClickMe.app/ClickMe";
			};
			name = Release;
		};
		879EA5C82075CCEE002D12D2 /* Debug */ = {
			isa = XCBuildConfiguration;
			buildSettings = {
				ALWAYS_EMBED_SWIFT_STANDARD_LIBRARIES = YES;
				CODE_SIGN_STYLE = Automatic;
				INFOPLIST_FILE = ClickMeUITests/Info.plist;
				LD_RUNPATH_SEARCH_PATHS = (
					"$(inherited)",
					"@executable_path/Frameworks",
					"@loader_path/Frameworks",
				);
				PRODUCT_BUNDLE_IDENTIFIER = com.example.ClickMeUITests;
				PRODUCT_NAME = "$(TARGET_NAME)";
				SWIFT_VERSION = 4.0;
				TARGETED_DEVICE_FAMILY = "1,2";
				TEST_TARGET_NAME = ClickMe;
			};
			name = Debug;
		};
		879EA5C92075CCEE002D12D2 /* Release */ = {
			isa = XCBuildConfiguration;
			buildSettings = {
				ALWAYS_EMBED_SWIFT_STANDARD_LIBRARIES = YES;
				CODE_SIGN_STYLE = Automatic;
				INFOPLIST_FILE = ClickMeUITests/Info.plist;
				LD_RUNPATH_SEARCH_PATHS = (
					"$(inherited)",
					"@executable_path/Frameworks",
					"@loader_path/Frameworks",
				);
				PRODUCT_BUNDLE_IDENTIFIER = com.example.ClickMeUITests;
				PRODUCT_NAME = "$(TARGET_NAME)";
				SWIFT_VERSION = 4.0;
				TARGETED_DEVICE_FAMILY = "1,2";
				TEST_TARGET_NAME = ClickMe;
			};
			name = Release;
		};
/* End XCBuildConfiguration section */

/* Begin XCConfigurationList section */
		879EA5942075CCEC002D12D2 /* Build configuration list for PBXProject "ClickMe" */ = {
			isa = XCConfigurationList;
			buildConfigurations = (
				879EA5BF2075CCEE002D12D2 /* Debug */,
				879EA5C02075CCEE002D12D2 /* Release */,
			);
			defaultConfigurationIsVisible = 0;
			defaultConfigurationName = Release;
		};
		879EA5C12075CCEE002D12D2 /* Build configuration list for PBXNativeTarget "ClickMe" */ = {
			isa = XCConfigurationList;
			buildConfigurations = (
				879EA5C22075CCEE002D12D2 /* Debug */,
				879EA5C32075CCEE002D12D2 /* Release */,
			);
			defaultConfigurationIsVisible = 0;
			defaultConfigurationName = Release;
		};
		879EA5C42075CCEE002D12D2 /* Build configuration list for PBXNativeTarget "ClickMeTests" */ = {
			isa = XCConfigurationList;
			buildConfigurations = (
				879EA5C52075CCEE002D12D2 /* Debug */,
				879EA5C62075CCEE002D12D2 /* Release */,
			);
			defaultConfigurationIsVisible = 0;
			defaultConfigurationName = Release;
		};
		879EA5C72075CCEE002D12D2 /* Build configuration list for PBXNativeTarget "ClickMeUITests" */ = {
			isa = XCConfigurationList;
			buildConfigurations = (
				879EA5C82075CCEE002D12D2 /* Debug */,
				879EA5C92075CCEE002D12D2 /* Release */,
			);
			defaultConfigurationIsVisible = 0;
			defaultConfigurationName = Release;
		};
/* End XCConfigurationList section */
	};
	rootObject = 879EA5912075CCEC002D12D2 /* Project object */;
}
